
Microsoft Visual Studio Solution File, Format Version 12.00
# Visual Studio Version 17
VisualStudioVersion = 17.11.35303.130
MinimumVisualStudioVersion = 10.0.40219.1
Project("{2150E333-8FDC-42A3-9474-1A3956D46DE8}") = "Core", "Core", "{0C2F3B6F-74FF-4264-AD83-8325259CA813}"
EndProject
Project("{9A19103F-16F7-4668-BE54-9A1E7A4F7556}") = "Domain", "Core\Domain\Domain.csproj", "{34C13819-C465-4A48-8C0C-43D869F79EDF}"
EndProject
Project("{2150E333-8FDC-42A3-9474-1A3956D46DE8}") = "Infrastructure", "Infrastructure", "{40856639-2789-4E20-AA6F-0F3A37796DD2}"
EndProject
Project("{9A19103F-16F7-4668-BE54-9A1E7A4F7556}") = "Persistence", "Infrastructure\Persistence\Persistence.csproj", "{070EA3DE-72AB-4646-9C29-783EAD7FDAF7}"
EndProject
Project("{2150E333-8FDC-42A3-9474-1A3956D46DE8}") = "Presentation", "Presentation", "{F1890DB8-9F3A-4B1B-9369-9731153BD250}"
EndProject
Project("{9A19103F-16F7-4668-BE54-9A1E7A4F7556}") = "WebApi", "Presentation\WebApi\WebApi.csproj", "{35FFB113-1A07-49A4-B5A4-74DE8780862D}"
EndProject
Project("{9A19103F-16F7-4668-BE54-9A1E7A4F7556}") = "Application", "Core\Application\Application.csproj", "{65FB6DCF-25C5-4FB8-A9D0-0F44BA6A9C3F}"
EndProject
Global
	GlobalSection(SolutionConfigurationPlatforms) = preSolution
		Debug|Any CPU = Debug|Any CPU
		Release|Any CPU = Release|Any CPU
	EndGlobalSection
	GlobalSection(ProjectConfigurationPlatforms) = postSolution
		{34C13819-C465-4A48-8C0C-43D869F79EDF}.Debug|Any CPU.ActiveCfg = Debug|Any CPU
		{34C13819-C465-4A48-8C0C-43D869F79EDF}.Debug|Any CPU.Build.0 = Debug|Any CPU
		{34C13819-C465-4A48-8C0C-43D869F79EDF}.Release|Any CPU.ActiveCfg = Release|Any CPU
		{34C13819-C465-4A48-8C0C-43D869F79EDF}.Release|Any CPU.Build.0 = Release|Any CPU
		{070EA3DE-72AB-4646-9C29-783EAD7FDAF7}.Debug|Any CPU.ActiveCfg = Debug|Any CPU
		{070EA3DE-72AB-4646-9C29-783EAD7FDAF7}.Debug|Any CPU.Build.0 = Debug|Any CPU
		{070EA3DE-72AB-4646-9C29-783EAD7FDAF7}.Release|Any CPU.ActiveCfg = Release|Any CPU
		{070EA3DE-72AB-4646-9C29-783EAD7FDAF7}.Release|Any CPU.Build.0 = Release|Any CPU
		{35FFB113-1A07-49A4-B5A4-74DE8780862D}.Debug|Any CPU.ActiveCfg = Debug|Any CPU
		{35FFB113-1A07-49A4-B5A4-74DE8780862D}.Debug|Any CPU.Build.0 = Debug|Any CPU
		{35FFB113-1A07-49A4-B5A4-74DE8780862D}.Release|Any CPU.ActiveCfg = Release|Any CPU
		{35FFB113-1A07-49A4-B5A4-74DE8780862D}.Release|Any CPU.Build.0 = Release|Any CPU
		{65FB6DCF-25C5-4FB8-A9D0-0F44BA6A9C3F}.Debug|Any CPU.ActiveCfg = Debug|Any CPU
		{65FB6DCF-25C5-4FB8-A9D0-0F44BA6A9C3F}.Debug|Any CPU.Build.0 = Debug|Any CPU
		{65FB6DCF-25C5-4FB8-A9D0-0F44BA6A9C3F}.Release|Any CPU.ActiveCfg = Release|Any CPU
		{65FB6DCF-25C5-4FB8-A9D0-0F44BA6A9C3F}.Release|Any CPU.Build.0 = Release|Any CPU
	EndGlobalSection
	GlobalSection(SolutionProperties) = preSolution
		HideSolutionNode = FALSE
	EndGlobalSection
	GlobalSection(NestedProjects) = preSolution
		{34C13819-C465-4A48-8C0C-43D869F79EDF} = {0C2F3B6F-74FF-4264-AD83-8325259CA813}
		{070EA3DE-72AB-4646-9C29-783EAD7FDAF7} = {40856639-2789-4E20-AA6F-0F3A37796DD2}
		{35FFB113-1A07-49A4-B5A4-74DE8780862D} = {F1890DB8-9F3A-4B1B-9369-9731153BD250}
		{65FB6DCF-25C5-4FB8-A9D0-0F44BA6A9C3F} = {0C2F3B6F-74FF-4264-AD83-8325259CA813}
	EndGlobalSection
	GlobalSection(ExtensibilityGlobals) = postSolution
		SolutionGuid = {CFEFB563-57D0-4468-A812-7D2A5249E9A2}
	EndGlobalSection
EndGlobal
